{
    "name": "project-com-viomi-demo",
    "version": "1.0.27",
    "lockfileVersion": 1,
    "requires": true,
    "dependencies": {
        "hoist-non-react-statics": {
            "version": "3.3.1",
            "resolved": "https://registry.npm.taobao.org/hoist-non-react-statics/download/hoist-non-react-statics-3.3.1.tgz",
            "integrity": "sha1-EBaF06/zsj6iExY/bo4S9PER4Z8=",
            "requires": {
                "react-is": "^16.7.0"
            }
        },
        "mobx": {
            "version": "5.15.0",
            "resolved": "https://registry.npm.taobao.org/mobx/download/mobx-5.15.0.tgz",
            "integrity": "sha1-PvNKxJZRaWmO/233LxjCpzXo5/g="
        },
        "mobx-react": {
            "version": "5.4.4",
            "resolved": "https://registry.npm.taobao.org/mobx-react/download/mobx-react-5.4.4.tgz",
            "integrity": "sha1-s96cbqvNDtikADaIjLAiGrlWi4A=",
            "requires": {
                "hoist-non-react-statics": "^3.0.0",
                "react-lifecycles-compat": "^3.0.2"
            }
        },
        "react-is": {
            "version": "16.12.0",
            "resolved": "https://registry.npm.taobao.org/react-is/download/react-is-16.12.0.tgz?cache=0&sync_timestamp=1573776123679&other_urls=https%3A%2F%2Fregistry.npm.taobao.org%2Freact-is%2Fdownload%2Freact-is-16.12.0.tgz",
            "integrity": "sha1-LMD+D7p0LZf9UnxCoTvsTusGJBw="
        },
        "react-lifecycles-compat": {
            "version": "3.0.4",
            "resolved": "https://registry.npm.taobao.org/react-lifecycles-compat/download/react-lifecycles-compat-3.0.4.tgz",
            "integrity": "sha1-TxonOv38jzSIqMUWv9p4+HI1I2I="
        }
    }
}
