# THIS IS AN AUTOGENERATED FILE. DO NOT EDIT THIS FILE DIRECTLY.
# yarn lockfile v1


hoist-non-react-statics@^3.0.0:
  version "3.3.1"
  resolved "https://registry.yarnpkg.com/hoist-non-react-statics/-/hoist-non-react-statics-3.3.1.tgz#101685d3aff3b23ea213163f6e8e12f4f111e19f"
  integrity sha512-wbg3bpgA/ZqWrZuMOeJi8+SKMhr7X9TesL/rXMjTzh0p0JUBo3II8DHboYbuIXWRlttrUFxwcu/5kygrCw8fJw==
  dependencies:
    react-is "^16.7.0"

mobx-react@5.4.4:
  version "5.4.4"
  resolved "https://registry.yarnpkg.com/mobx-react/-/mobx-react-5.4.4.tgz#b3de9c6eabcd0ed8a40036888cb0221ab9568b80"
  integrity sha512-2mTzpyEjVB/RGk2i6KbcmP4HWcAUFox5ZRCrGvSyz49w20I4C4qql63grPpYrS9E9GKwgydBHQlA4y665LuRCQ==
  dependencies:
    hoist-non-react-statics "^3.0.0"
    react-lifecycles-compat "^3.0.2"

mobx@5.15.0:
  version "5.15.0"
  resolved "https://registry.yarnpkg.com/mobx/-/mobx-5.15.0.tgz#3ef34ac4965169698eff6df72f18c2a735e8e7f8"
  integrity sha512-Ax7vE32zBRgO0A3Yu12RXaFwIhBzpGQXZjRHiDvKLrqpDEijhNTSuXJ1Ci+L30BSa/Mb3by9+3nuKq15YoH5dA==

react-is@^16.7.0:
  version "16.12.0"
  resolved "https://registry.yarnpkg.com/react-is/-/react-is-16.12.0.tgz#2cc0fe0fba742d97fd527c42a13bec4eeb06241c"
  integrity sha512-rPCkf/mWBtKc97aLL9/txD8DZdemK0vkA3JMLShjlJB3Pj3s+lpf1KaBzMfQrAmhMQB0n1cU/SUGgKKBCe837Q==

react-lifecycles-compat@^3.0.2:
  version "3.0.4"
  resolved "https://registry.yarnpkg.com/react-lifecycles-compat/-/react-lifecycles-compat-3.0.4.tgz#4f1a273afdfc8f3488a8c516bfda78f872352362"
  integrity sha512-fBASbA6LnOU9dOU2eW7aQ8xmYBSXUIWr+UmF9b1efZBazGNO+rcXT/icdKnYm2pTwcRylVUYwW7H1PHfLekVzA==
